
Microsoft Visual Studio Solution File, Format Version 12.00
# Visual Studio 15
VisualStudioVersion = 15.0.26730.16
MinimumVisualStudioVersion = 10.0.40219.1
Project("{FAE04EC0-301F-11D3-BF4B-00C04F79EFBC}") = "PartyInvites", "PartyInvites\PartyInvites.csproj", "{D59743DF-FD01-4F4F-8AD7-293EA0BAFC9E}"
EndProject
Global
	GlobalSection(SolutionConfigurationPlatforms) = preSolution
		Debug|Any CPU = Debug|Any CPU
		Release|Any CPU = Release|Any CPU
	EndGlobalSection
	GlobalSection(ProjectConfigurationPlatforms) = postSolution
		{D59743DF-FD01-4F4F-8AD7-293EA0BAFC9E}.Debug|Any CPU.ActiveCfg = Debug|Any CPU
		{D59743DF-FD01-4F4F-8AD7-293EA0BAFC9E}.Debug|Any CPU.Build.0 = Debug|Any CPU
		{D59743DF-FD01-4F4F-8AD7-293EA0BAFC9E}.Release|Any CPU.ActiveCfg = Release|Any CPU
		{D59743DF-FD01-4F4F-8AD7-293EA0BAFC9E}.Release|Any CPU.Build.0 = Release|Any CPU
	EndGlobalSection
	GlobalSection(SolutionProperties) = preSolution
		HideSolutionNode = FALSE
	EndGlobalSection
	GlobalSection(ExtensibilityGlobals) = postSolution
		SolutionGuid = {D2419919-36AC-4232-A190-A21D1A615586}
	EndGlobalSection
EndGlobal
